
Microsoft Visual Studio Solution File, Format Version 12.00
# Visual Studio Version 17
VisualStudioVersion = 17.1.31911.260
MinimumVisualStudioVersion = 10.0.40219.1
Project("{9A19103F-16F7-4668-BE54-9A1E7A4F7556}") = "TestConsole", "TestConsole\TestConsole.csproj", "{2169F12D-A595-4309-ADFD-279BD6EF95B1}"
EndProject
Project("{9A19103F-16F7-4668-BE54-9A1E7A4F7556}") = "Sirius.Utils", "Sirius.Utils\Sirius.Utils.csproj", "{8A88E441-33FF-4D97-948E-0BD2F173E394}"
EndProject
Project("{9A19103F-16F7-4668-BE54-9A1E7A4F7556}") = "TestPlugin", "TestPlugin\TestPlugin.csproj", "{F16A2B72-CF36-497D-ABF9-68D1CFF0382F}"
EndProject
Project("{9A19103F-16F7-4668-BE54-9A1E7A4F7556}") = "Sirius.CoreGoForCSharp", "Sirius.CoreGoForCSharp\Sirius.CoreGoForCSharp.csproj", "{75383AD5-139D-420D-88E4-CAB63E70796F}"
EndProject
Project("{9A19103F-16F7-4668-BE54-9A1E7A4F7556}") = "Sirius.CoreCSharp", "Sirius.CoreCSharp\Sirius.CoreCSharp.csproj", "{ABE0F56D-9EA8-4F5F-BFC1-53AB4AB9BE4D}"
EndProject
Project("{8BC9CEB8-8B4A-11D0-8D11-00A0C91BC942}") = "Sirius.OpenAPI", "Sirius.OpenAPI\Sirius.OpenAPI.vcxproj", "{1D36C50B-3205-4D37-B0AF-2BDBCE218FE6}"
EndProject
Project("{8BC9CEB8-8B4A-11D0-8D11-00A0C91BC942}") = "Sirius.JVM", "Sirius.JVM\Sirius.JVM.vcxproj", "{39056358-206C-4618-9BCC-A7323441B20C}"
EndProject
Project("{9A19103F-16F7-4668-BE54-9A1E7A4F7556}") = "Sirius.DTO", "Sirius.DTO\Sirius.DTO.csproj", "{ABEADAC6-4C5A-4AB4-917D-FF6A3B1C956B}"
EndProject
Project("{9A19103F-16F7-4668-BE54-9A1E7A4F7556}") = "Sirius.UI", "Sirius.UI\Sirius.UI.csproj", "{FBFEA195-7D22-491C-855E-4E9040FED78B}"
EndProject
Project("{8BC9CEB8-8B4A-11D0-8D11-00A0C91BC942}") = "Sirius.JVMPlugin", "Sirius.JVMPlugin\Sirius.JVMPlugin.vcxproj", "{8BB55C17-B206-4388-AB8B-AF67A7137B2E}"
EndProject
Project("{9A19103F-16F7-4668-BE54-9A1E7A4F7556}") = "Sirius.CSharpSDK", "Sirius.CSharpSDK\Sirius.CSharpSDK.csproj", "{D3E4BC6E-22EE-4D96-89A6-EE0A5B2A11BF}"
EndProject
Project("{FAE04EC0-301F-11D3-BF4B-00C04F79EFBC}") = "Sirius.PluginSupport", "Sirius.PluginSupport\Sirius.PluginSupport.csproj", "{31486571-A576-4DAE-B8B3-A82AF068008A}"
EndProject
Project("{FAE04EC0-301F-11D3-BF4B-00C04F79EFBC}") = "Sirius.PluginSupport.CSharp", "Sirius.PluginSupport.CSharp\Sirius.PluginSupport.CSharp.csproj", "{5412D858-D5FD-4D48-B49A-EB3E27547605}"
EndProject
Project("{FAE04EC0-301F-11D3-BF4B-00C04F79EFBC}") = "Sirius.PluginSupport.C", "Sirius.PluginSupport.C\Sirius.PluginSupport.C.csproj", "{8AC40E50-C238-4A2E-A3BB-769CA5286D34}"
EndProject
Global
	GlobalSection(SolutionConfigurationPlatforms) = preSolution
		Debug|Any CPU = Debug|Any CPU
		Debug|x64 = Debug|x64
		Debug|x86 = Debug|x86
		Release|Any CPU = Release|Any CPU
		Release|x64 = Release|x64
		Release|x86 = Release|x86
	EndGlobalSection
	GlobalSection(ProjectConfigurationPlatforms) = postSolution
		{2169F12D-A595-4309-ADFD-279BD6EF95B1}.Debug|Any CPU.ActiveCfg = Debug|Any CPU
		{2169F12D-A595-4309-ADFD-279BD6EF95B1}.Debug|Any CPU.Build.0 = Debug|Any CPU
		{2169F12D-A595-4309-ADFD-279BD6EF95B1}.Debug|x64.ActiveCfg = Debug|Any CPU
		{2169F12D-A595-4309-ADFD-279BD6EF95B1}.Debug|x64.Build.0 = Debug|Any CPU
		{2169F12D-A595-4309-ADFD-279BD6EF95B1}.Debug|x86.ActiveCfg = Debug|Any CPU
		{2169F12D-A595-4309-ADFD-279BD6EF95B1}.Debug|x86.Build.0 = Debug|Any CPU
		{2169F12D-A595-4309-ADFD-279BD6EF95B1}.Release|Any CPU.ActiveCfg = Release|Any CPU
		{2169F12D-A595-4309-ADFD-279BD6EF95B1}.Release|Any CPU.Build.0 = Release|Any CPU
		{2169F12D-A595-4309-ADFD-279BD6EF95B1}.Release|x64.ActiveCfg = Release|Any CPU
		{2169F12D-A595-4309-ADFD-279BD6EF95B1}.Release|x64.Build.0 = Release|Any CPU
		{2169F12D-A595-4309-ADFD-279BD6EF95B1}.Release|x86.ActiveCfg = Release|Any CPU
		{2169F12D-A595-4309-ADFD-279BD6EF95B1}.Release|x86.Build.0 = Release|Any CPU
		{8A88E441-33FF-4D97-948E-0BD2F173E394}.Debug|Any CPU.ActiveCfg = Debug|Any CPU
		{8A88E441-33FF-4D97-948E-0BD2F173E394}.Debug|Any CPU.Build.0 = Debug|Any CPU
		{8A88E441-33FF-4D97-948E-0BD2F173E394}.Debug|x64.ActiveCfg = Debug|Any CPU
		{8A88E441-33FF-4D97-948E-0BD2F173E394}.Debug|x64.Build.0 = Debug|Any CPU
		{8A88E441-33FF-4D97-948E-0BD2F173E394}.Debug|x86.ActiveCfg = Debug|Any CPU
		{8A88E441-33FF-4D97-948E-0BD2F173E394}.Debug|x86.Build.0 = Debug|Any CPU
		{8A88E441-33FF-4D97-948E-0BD2F173E394}.Release|Any CPU.ActiveCfg = Release|Any CPU
		{8A88E441-33FF-4D97-948E-0BD2F173E394}.Release|Any CPU.Build.0 = Release|Any CPU
		{8A88E441-33FF-4D97-948E-0BD2F173E394}.Release|x64.ActiveCfg = Release|Any CPU
		{8A88E441-33FF-4D97-948E-0BD2F173E394}.Release|x64.Build.0 = Release|Any CPU
		{8A88E441-33FF-4D97-948E-0BD2F173E394}.Release|x86.ActiveCfg = Release|Any CPU
		{8A88E441-33FF-4D97-948E-0BD2F173E394}.Release|x86.Build.0 = Release|Any CPU
		{F16A2B72-CF36-497D-ABF9-68D1CFF0382F}.Debug|Any CPU.ActiveCfg = Debug|Any CPU
		{F16A2B72-CF36-497D-ABF9-68D1CFF0382F}.Debug|Any CPU.Build.0 = Debug|Any CPU
		{F16A2B72-CF36-497D-ABF9-68D1CFF0382F}.Debug|x64.ActiveCfg = Debug|Any CPU
		{F16A2B72-CF36-497D-ABF9-68D1CFF0382F}.Debug|x64.Build.0 = Debug|Any CPU
		{F16A2B72-CF36-497D-ABF9-68D1CFF0382F}.Debug|x86.ActiveCfg = Debug|Any CPU
		{F16A2B72-CF36-497D-ABF9-68D1CFF0382F}.Debug|x86.Build.0 = Debug|Any CPU
		{F16A2B72-CF36-497D-ABF9-68D1CFF0382F}.Release|Any CPU.ActiveCfg = Release|Any CPU
		{F16A2B72-CF36-497D-ABF9-68D1CFF0382F}.Release|Any CPU.Build.0 = Release|Any CPU
		{F16A2B72-CF36-497D-ABF9-68D1CFF0382F}.Release|x64.ActiveCfg = Release|Any CPU
		{F16A2B72-CF36-497D-ABF9-68D1CFF0382F}.Release|x64.Build.0 = Release|Any CPU
		{F16A2B72-CF36-497D-ABF9-68D1CFF0382F}.Release|x86.ActiveCfg = Release|Any CPU
		{F16A2B72-CF36-497D-ABF9-68D1CFF0382F}.Release|x86.Build.0 = Release|Any CPU
		{75383AD5-139D-420D-88E4-CAB63E70796F}.Debug|Any CPU.ActiveCfg = Debug|Any CPU
		{75383AD5-139D-420D-88E4-CAB63E70796F}.Debug|Any CPU.Build.0 = Debug|Any CPU
		{75383AD5-139D-420D-88E4-CAB63E70796F}.Debug|x64.ActiveCfg = Debug|Any CPU
		{75383AD5-139D-420D-88E4-CAB63E70796F}.Debug|x64.Build.0 = Debug|Any CPU
		{75383AD5-139D-420D-88E4-CAB63E70796F}.Debug|x86.ActiveCfg = Debug|Any CPU
		{75383AD5-139D-420D-88E4-CAB63E70796F}.Debug|x86.Build.0 = Debug|Any CPU
		{75383AD5-139D-420D-88E4-CAB63E70796F}.Release|Any CPU.ActiveCfg = Release|Any CPU
		{75383AD5-139D-420D-88E4-CAB63E70796F}.Release|Any CPU.Build.0 = Release|Any CPU
		{75383AD5-139D-420D-88E4-CAB63E70796F}.Release|x64.ActiveCfg = Release|Any CPU
		{75383AD5-139D-420D-88E4-CAB63E70796F}.Release|x64.Build.0 = Release|Any CPU
		{75383AD5-139D-420D-88E4-CAB63E70796F}.Release|x86.ActiveCfg = Release|Any CPU
		{75383AD5-139D-420D-88E4-CAB63E70796F}.Release|x86.Build.0 = Release|Any CPU
		{ABE0F56D-9EA8-4F5F-BFC1-53AB4AB9BE4D}.Debug|Any CPU.ActiveCfg = Debug|Any CPU
		{ABE0F56D-9EA8-4F5F-BFC1-53AB4AB9BE4D}.Debug|Any CPU.Build.0 = Debug|Any CPU
		{ABE0F56D-9EA8-4F5F-BFC1-53AB4AB9BE4D}.Debug|x64.ActiveCfg = Debug|Any CPU
		{ABE0F56D-9EA8-4F5F-BFC1-53AB4AB9BE4D}.Debug|x64.Build.0 = Debug|Any CPU
		{ABE0F56D-9EA8-4F5F-BFC1-53AB4AB9BE4D}.Debug|x86.ActiveCfg = Debug|Any CPU
		{ABE0F56D-9EA8-4F5F-BFC1-53AB4AB9BE4D}.Debug|x86.Build.0 = Debug|Any CPU
		{ABE0F56D-9EA8-4F5F-BFC1-53AB4AB9BE4D}.Release|Any CPU.ActiveCfg = Release|Any CPU
		{ABE0F56D-9EA8-4F5F-BFC1-53AB4AB9BE4D}.Release|Any CPU.Build.0 = Release|Any CPU
		{ABE0F56D-9EA8-4F5F-BFC1-53AB4AB9BE4D}.Release|x64.ActiveCfg = Release|Any CPU
		{ABE0F56D-9EA8-4F5F-BFC1-53AB4AB9BE4D}.Release|x64.Build.0 = Release|Any CPU
		{ABE0F56D-9EA8-4F5F-BFC1-53AB4AB9BE4D}.Release|x86.ActiveCfg = Release|Any CPU
		{ABE0F56D-9EA8-4F5F-BFC1-53AB4AB9BE4D}.Release|x86.Build.0 = Release|Any CPU
		{1D36C50B-3205-4D37-B0AF-2BDBCE218FE6}.Debug|Any CPU.ActiveCfg = Debug|x64
		{1D36C50B-3205-4D37-B0AF-2BDBCE218FE6}.Debug|Any CPU.Build.0 = Debug|x64
		{1D36C50B-3205-4D37-B0AF-2BDBCE218FE6}.Debug|x64.ActiveCfg = Debug|x64
		{1D36C50B-3205-4D37-B0AF-2BDBCE218FE6}.Debug|x64.Build.0 = Debug|x64
		{1D36C50B-3205-4D37-B0AF-2BDBCE218FE6}.Debug|x86.ActiveCfg = Debug|Win32
		{1D36C50B-3205-4D37-B0AF-2BDBCE218FE6}.Debug|x86.Build.0 = Debug|Win32
		{1D36C50B-3205-4D37-B0AF-2BDBCE218FE6}.Release|Any CPU.ActiveCfg = Release|x64
		{1D36C50B-3205-4D37-B0AF-2BDBCE218FE6}.Release|Any CPU.Build.0 = Release|x64
		{1D36C50B-3205-4D37-B0AF-2BDBCE218FE6}.Release|x64.ActiveCfg = Release|x64
		{1D36C50B-3205-4D37-B0AF-2BDBCE218FE6}.Release|x64.Build.0 = Release|x64
		{1D36C50B-3205-4D37-B0AF-2BDBCE218FE6}.Release|x86.ActiveCfg = Release|Win32
		{1D36C50B-3205-4D37-B0AF-2BDBCE218FE6}.Release|x86.Build.0 = Release|Win32
		{39056358-206C-4618-9BCC-A7323441B20C}.Debug|Any CPU.ActiveCfg = Debug|x64
		{39056358-206C-4618-9BCC-A7323441B20C}.Debug|Any CPU.Build.0 = Debug|x64
		{39056358-206C-4618-9BCC-A7323441B20C}.Debug|x64.ActiveCfg = Debug|x64
		{39056358-206C-4618-9BCC-A7323441B20C}.Debug|x64.Build.0 = Debug|x64
		{39056358-206C-4618-9BCC-A7323441B20C}.Debug|x86.ActiveCfg = Debug|Win32
		{39056358-206C-4618-9BCC-A7323441B20C}.Debug|x86.Build.0 = Debug|Win32
		{39056358-206C-4618-9BCC-A7323441B20C}.Release|Any CPU.ActiveCfg = Release|x64
		{39056358-206C-4618-9BCC-A7323441B20C}.Release|Any CPU.Build.0 = Release|x64
		{39056358-206C-4618-9BCC-A7323441B20C}.Release|x64.ActiveCfg = Release|x64
		{39056358-206C-4618-9BCC-A7323441B20C}.Release|x64.Build.0 = Release|x64
		{39056358-206C-4618-9BCC-A7323441B20C}.Release|x86.ActiveCfg = Release|Win32
		{39056358-206C-4618-9BCC-A7323441B20C}.Release|x86.Build.0 = Release|Win32
		{ABEADAC6-4C5A-4AB4-917D-FF6A3B1C956B}.Debug|Any CPU.ActiveCfg = Debug|Any CPU
		{ABEADAC6-4C5A-4AB4-917D-FF6A3B1C956B}.Debug|Any CPU.Build.0 = Debug|Any CPU
		{ABEADAC6-4C5A-4AB4-917D-FF6A3B1C956B}.Debug|x64.ActiveCfg = Debug|Any CPU
		{ABEADAC6-4C5A-4AB4-917D-FF6A3B1C956B}.Debug|x64.Build.0 = Debug|Any CPU
		{ABEADAC6-4C5A-4AB4-917D-FF6A3B1C956B}.Debug|x86.ActiveCfg = Debug|Any CPU
		{ABEADAC6-4C5A-4AB4-917D-FF6A3B1C956B}.Debug|x86.Build.0 = Debug|Any CPU
		{ABEADAC6-4C5A-4AB4-917D-FF6A3B1C956B}.Release|Any CPU.ActiveCfg = Release|Any CPU
		{ABEADAC6-4C5A-4AB4-917D-FF6A3B1C956B}.Release|Any CPU.Build.0 = Release|Any CPU
		{ABEADAC6-4C5A-4AB4-917D-FF6A3B1C956B}.Release|x64.ActiveCfg = Release|Any CPU
		{ABEADAC6-4C5A-4AB4-917D-FF6A3B1C956B}.Release|x64.Build.0 = Release|Any CPU
		{ABEADAC6-4C5A-4AB4-917D-FF6A3B1C956B}.Release|x86.ActiveCfg = Release|Any CPU
		{ABEADAC6-4C5A-4AB4-917D-FF6A3B1C956B}.Release|x86.Build.0 = Release|Any CPU
		{FBFEA195-7D22-491C-855E-4E9040FED78B}.Debug|Any CPU.ActiveCfg = Debug|Any CPU
		{FBFEA195-7D22-491C-855E-4E9040FED78B}.Debug|Any CPU.Build.0 = Debug|Any CPU
		{FBFEA195-7D22-491C-855E-4E9040FED78B}.Debug|x64.ActiveCfg = Debug|Any CPU
		{FBFEA195-7D22-491C-855E-4E9040FED78B}.Debug|x64.Build.0 = Debug|Any CPU
		{FBFEA195-7D22-491C-855E-4E9040FED78B}.Debug|x86.ActiveCfg = Debug|Any CPU
		{FBFEA195-7D22-491C-855E-4E9040FED78B}.Debug|x86.Build.0 = Debug|Any CPU
		{FBFEA195-7D22-491C-855E-4E9040FED78B}.Release|Any CPU.ActiveCfg = Release|Any CPU
		{FBFEA195-7D22-491C-855E-4E9040FED78B}.Release|Any CPU.Build.0 = Release|Any CPU
		{FBFEA195-7D22-491C-855E-4E9040FED78B}.Release|x64.ActiveCfg = Release|Any CPU
		{FBFEA195-7D22-491C-855E-4E9040FED78B}.Release|x64.Build.0 = Release|Any CPU
		{FBFEA195-7D22-491C-855E-4E9040FED78B}.Release|x86.ActiveCfg = Release|Any CPU
		{FBFEA195-7D22-491C-855E-4E9040FED78B}.Release|x86.Build.0 = Release|Any CPU
		{8BB55C17-B206-4388-AB8B-AF67A7137B2E}.Debug|Any CPU.ActiveCfg = Debug|x64
		{8BB55C17-B206-4388-AB8B-AF67A7137B2E}.Debug|Any CPU.Build.0 = Debug|x64
		{8BB55C17-B206-4388-AB8B-AF67A7137B2E}.Debug|x64.ActiveCfg = Debug|x64
		{8BB55C17-B206-4388-AB8B-AF67A7137B2E}.Debug|x64.Build.0 = Debug|x64
		{8BB55C17-B206-4388-AB8B-AF67A7137B2E}.Debug|x86.ActiveCfg = Debug|Win32
		{8BB55C17-B206-4388-AB8B-AF67A7137B2E}.Debug|x86.Build.0 = Debug|Win32
		{8BB55C17-B206-4388-AB8B-AF67A7137B2E}.Release|Any CPU.ActiveCfg = Release|x64
		{8BB55C17-B206-4388-AB8B-AF67A7137B2E}.Release|Any CPU.Build.0 = Release|x64
		{8BB55C17-B206-4388-AB8B-AF67A7137B2E}.Release|x64.ActiveCfg = Release|x64
		{8BB55C17-B206-4388-AB8B-AF67A7137B2E}.Release|x64.Build.0 = Release|x64
		{8BB55C17-B206-4388-AB8B-AF67A7137B2E}.Release|x86.ActiveCfg = Release|Win32
		{8BB55C17-B206-4388-AB8B-AF67A7137B2E}.Release|x86.Build.0 = Release|Win32
		{D3E4BC6E-22EE-4D96-89A6-EE0A5B2A11BF}.Debug|Any CPU.ActiveCfg = Debug|Any CPU
		{D3E4BC6E-22EE-4D96-89A6-EE0A5B2A11BF}.Debug|Any CPU.Build.0 = Debug|Any CPU
		{D3E4BC6E-22EE-4D96-89A6-EE0A5B2A11BF}.Debug|x64.ActiveCfg = Debug|Any CPU
		{D3E4BC6E-22EE-4D96-89A6-EE0A5B2A11BF}.Debug|x64.Build.0 = Debug|Any CPU
		{D3E4BC6E-22EE-4D96-89A6-EE0A5B2A11BF}.Debug|x86.ActiveCfg = Debug|Any CPU
		{D3E4BC6E-22EE-4D96-89A6-EE0A5B2A11BF}.Debug|x86.Build.0 = Debug|Any CPU
		{D3E4BC6E-22EE-4D96-89A6-EE0A5B2A11BF}.Release|Any CPU.ActiveCfg = Release|Any CPU
		{D3E4BC6E-22EE-4D96-89A6-EE0A5B2A11BF}.Release|Any CPU.Build.0 = Release|Any CPU
		{D3E4BC6E-22EE-4D96-89A6-EE0A5B2A11BF}.Release|x64.ActiveCfg = Release|Any CPU
		{D3E4BC6E-22EE-4D96-89A6-EE0A5B2A11BF}.Release|x64.Build.0 = Release|Any CPU
		{D3E4BC6E-22EE-4D96-89A6-EE0A5B2A11BF}.Release|x86.ActiveCfg = Release|Any CPU
		{D3E4BC6E-22EE-4D96-89A6-EE0A5B2A11BF}.Release|x86.Build.0 = Release|Any CPU
		{31486571-A576-4DAE-B8B3-A82AF068008A}.Debug|Any CPU.ActiveCfg = Debug|Any CPU
		{31486571-A576-4DAE-B8B3-A82AF068008A}.Debug|Any CPU.Build.0 = Debug|Any CPU
		{31486571-A576-4DAE-B8B3-A82AF068008A}.Debug|x64.ActiveCfg = Debug|Any CPU
		{31486571-A576-4DAE-B8B3-A82AF068008A}.Debug|x64.Build.0 = Debug|Any CPU
		{31486571-A576-4DAE-B8B3-A82AF068008A}.Debug|x86.ActiveCfg = Debug|Any CPU
		{31486571-A576-4DAE-B8B3-A82AF068008A}.Debug|x86.Build.0 = Debug|Any CPU
		{31486571-A576-4DAE-B8B3-A82AF068008A}.Release|Any CPU.ActiveCfg = Release|Any CPU
		{31486571-A576-4DAE-B8B3-A82AF068008A}.Release|Any CPU.Build.0 = Release|Any CPU
		{31486571-A576-4DAE-B8B3-A82AF068008A}.Release|x64.ActiveCfg = Release|Any CPU
		{31486571-A576-4DAE-B8B3-A82AF068008A}.Release|x64.Build.0 = Release|Any CPU
		{31486571-A576-4DAE-B8B3-A82AF068008A}.Release|x86.ActiveCfg = Release|Any CPU
		{31486571-A576-4DAE-B8B3-A82AF068008A}.Release|x86.Build.0 = Release|Any CPU
		{5412D858-D5FD-4D48-B49A-EB3E27547605}.Debug|Any CPU.ActiveCfg = Debug|Any CPU
		{5412D858-D5FD-4D48-B49A-EB3E27547605}.Debug|Any CPU.Build.0 = Debug|Any CPU
		{5412D858-D5FD-4D48-B49A-EB3E27547605}.Debug|x64.ActiveCfg = Debug|Any CPU
		{5412D858-D5FD-4D48-B49A-EB3E27547605}.Debug|x64.Build.0 = Debug|Any CPU
		{5412D858-D5FD-4D48-B49A-EB3E27547605}.Debug|x86.ActiveCfg = Debug|Any CPU
		{5412D858-D5FD-4D48-B49A-EB3E27547605}.Debug|x86.Build.0 = Debug|Any CPU
		{5412D858-D5FD-4D48-B49A-EB3E27547605}.Release|Any CPU.ActiveCfg = Release|Any CPU
		{5412D858-D5FD-4D48-B49A-EB3E27547605}.Release|Any CPU.Build.0 = Release|Any CPU
		{5412D858-D5FD-4D48-B49A-EB3E27547605}.Release|x64.ActiveCfg = Release|Any CPU
		{5412D858-D5FD-4D48-B49A-EB3E27547605}.Release|x64.Build.0 = Release|Any CPU
		{5412D858-D5FD-4D48-B49A-EB3E27547605}.Release|x86.ActiveCfg = Release|Any CPU
		{5412D858-D5FD-4D48-B49A-EB3E27547605}.Release|x86.Build.0 = Release|Any CPU
		{8AC40E50-C238-4A2E-A3BB-769CA5286D34}.Debug|Any CPU.ActiveCfg = Debug|Any CPU
		{8AC40E50-C238-4A2E-A3BB-769CA5286D34}.Debug|Any CPU.Build.0 = Debug|Any CPU
		{8AC40E50-C238-4A2E-A3BB-769CA5286D34}.Debug|x64.ActiveCfg = Debug|Any CPU
		{8AC40E50-C238-4A2E-A3BB-769CA5286D34}.Debug|x64.Build.0 = Debug|Any CPU
		{8AC40E50-C238-4A2E-A3BB-769CA5286D34}.Debug|x86.ActiveCfg = Debug|Any CPU
		{8AC40E50-C238-4A2E-A3BB-769CA5286D34}.Debug|x86.Build.0 = Debug|Any CPU
		{8AC40E50-C238-4A2E-A3BB-769CA5286D34}.Release|Any CPU.ActiveCfg = Release|Any CPU
		{8AC40E50-C238-4A2E-A3BB-769CA5286D34}.Release|Any CPU.Build.0 = Release|Any CPU
		{8AC40E50-C238-4A2E-A3BB-769CA5286D34}.Release|x64.ActiveCfg = Release|Any CPU
		{8AC40E50-C238-4A2E-A3BB-769CA5286D34}.Release|x64.Build.0 = Release|Any CPU
		{8AC40E50-C238-4A2E-A3BB-769CA5286D34}.Release|x86.ActiveCfg = Release|Any CPU
		{8AC40E50-C238-4A2E-A3BB-769CA5286D34}.Release|x86.Build.0 = Release|Any CPU
	EndGlobalSection
	GlobalSection(SolutionProperties) = preSolution
		HideSolutionNode = FALSE
	EndGlobalSection
	GlobalSection(ExtensibilityGlobals) = postSolution
		SolutionGuid = {5EB145E8-1E87-42BC-AE13-74AA3C209511}
	EndGlobalSection
EndGlobal
